
Microsoft Visual Studio Solution File, Format Version 12.00
# Visual Studio Version 17
VisualStudioVersion = 17.5.33424.131
MinimumVisualStudioVersion = 10.0.40219.1
Project("{FAE04EC0-301F-11D3-BF4B-00C04F79EFBC}") = "XamarinHelloWorld.Android", "XamarinHelloWorld\XamarinHelloWorld.Android\XamarinHelloWorld.Android.csproj", "{28381C9D-077E-4805-9EB2-321F6A9702AE}"
EndProject
Project("{FAE04EC0-301F-11D3-BF4B-00C04F79EFBC}") = "XamarinHelloWorld.iOS", "XamarinHelloWorld\XamarinHelloWorld.iOS\XamarinHelloWorld.iOS.csproj", "{9AFC9484-AFDA-41A0-A506-6A307FA1BCE3}"
EndProject
Project("{FAE04EC0-301F-11D3-BF4B-00C04F79EFBC}") = "XamarinHelloWorld", "XamarinHelloWorld\XamarinHelloWorld\XamarinHelloWorld.csproj", "{1AD31785-5FAA-4987-AC69-4C7E9F42FE88}"
EndProject
Global
	GlobalSection(SolutionConfigurationPlatforms) = preSolution
		Debug|Any CPU = Debug|Any CPU
		Debug|iPhone = Debug|iPhone
		Debug|iPhoneSimulator = Debug|iPhoneSimulator
		Release|Any CPU = Release|Any CPU
		Release|iPhone = Release|iPhone
		Release|iPhoneSimulator = Release|iPhoneSimulator
	EndGlobalSection
	GlobalSection(ProjectConfigurationPlatforms) = postSolution
		{28381C9D-077E-4805-9EB2-321F6A9702AE}.Debug|Any CPU.ActiveCfg = Debug|Any CPU
		{28381C9D-077E-4805-9EB2-321F6A9702AE}.Debug|Any CPU.Build.0 = Debug|Any CPU
		{28381C9D-077E-4805-9EB2-321F6A9702AE}.Debug|Any CPU.Deploy.0 = Debug|Any CPU
		{28381C9D-077E-4805-9EB2-321F6A9702AE}.Debug|iPhone.ActiveCfg = Debug|Any CPU
		{28381C9D-077E-4805-9EB2-321F6A9702AE}.Debug|iPhone.Build.0 = Debug|Any CPU
		{28381C9D-077E-4805-9EB2-321F6A9702AE}.Debug|iPhone.Deploy.0 = Debug|Any CPU
		{28381C9D-077E-4805-9EB2-321F6A9702AE}.Debug|iPhoneSimulator.ActiveCfg = Debug|Any CPU
		{28381C9D-077E-4805-9EB2-321F6A9702AE}.Debug|iPhoneSimulator.Build.0 = Debug|Any CPU
		{28381C9D-077E-4805-9EB2-321F6A9702AE}.Debug|iPhoneSimulator.Deploy.0 = Debug|Any CPU
		{28381C9D-077E-4805-9EB2-321F6A9702AE}.Release|Any CPU.ActiveCfg = Release|Any CPU
		{28381C9D-077E-4805-9EB2-321F6A9702AE}.Release|Any CPU.Build.0 = Release|Any CPU
		{28381C9D-077E-4805-9EB2-321F6A9702AE}.Release|Any CPU.Deploy.0 = Release|Any CPU
		{28381C9D-077E-4805-9EB2-321F6A9702AE}.Release|iPhone.ActiveCfg = Release|Any CPU
		{28381C9D-077E-4805-9EB2-321F6A9702AE}.Release|iPhone.Build.0 = Release|Any CPU
		{28381C9D-077E-4805-9EB2-321F6A9702AE}.Release|iPhone.Deploy.0 = Release|Any CPU
		{28381C9D-077E-4805-9EB2-321F6A9702AE}.Release|iPhoneSimulator.ActiveCfg = Release|Any CPU
		{28381C9D-077E-4805-9EB2-321F6A9702AE}.Release|iPhoneSimulator.Build.0 = Release|Any CPU
		{28381C9D-077E-4805-9EB2-321F6A9702AE}.Release|iPhoneSimulator.Deploy.0 = Release|Any CPU
		{9AFC9484-AFDA-41A0-A506-6A307FA1BCE3}.Debug|Any CPU.ActiveCfg = Debug|iPhone
		{9AFC9484-AFDA-41A0-A506-6A307FA1BCE3}.Debug|Any CPU.Build.0 = Debug|iPhone
		{9AFC9484-AFDA-41A0-A506-6A307FA1BCE3}.Debug|Any CPU.Deploy.0 = Debug|iPhone
		{9AFC9484-AFDA-41A0-A506-6A307FA1BCE3}.Debug|iPhone.ActiveCfg = Debug|iPhone
		{9AFC9484-AFDA-41A0-A506-6A307FA1BCE3}.Debug|iPhone.Build.0 = Debug|iPhone
		{9AFC9484-AFDA-41A0-A506-6A307FA1BCE3}.Debug|iPhone.Deploy.0 = Debug|iPhone
		{9AFC9484-AFDA-41A0-A506-6A307FA1BCE3}.Debug|iPhoneSimulator.ActiveCfg = Debug|iPhoneSimulator
		{9AFC9484-AFDA-41A0-A506-6A307FA1BCE3}.Debug|iPhoneSimulator.Build.0 = Debug|iPhoneSimulator
		{9AFC9484-AFDA-41A0-A506-6A307FA1BCE3}.Debug|iPhoneSimulator.Deploy.0 = Debug|iPhoneSimulator
		{9AFC9484-AFDA-41A0-A506-6A307FA1BCE3}.Release|Any CPU.ActiveCfg = Release|iPhoneSimulator
		{9AFC9484-AFDA-41A0-A506-6A307FA1BCE3}.Release|Any CPU.Build.0 = Release|iPhoneSimulator
		{9AFC9484-AFDA-41A0-A506-6A307FA1BCE3}.Release|Any CPU.Deploy.0 = Release|iPhoneSimulator
		{9AFC9484-AFDA-41A0-A506-6A307FA1BCE3}.Release|iPhone.ActiveCfg = Release|iPhone
		{9AFC9484-AFDA-41A0-A506-6A307FA1BCE3}.Release|iPhone.Build.0 = Release|iPhone
		{9AFC9484-AFDA-41A0-A506-6A307FA1BCE3}.Release|iPhone.Deploy.0 = Release|iPhone
		{9AFC9484-AFDA-41A0-A506-6A307FA1BCE3}.Release|iPhoneSimulator.ActiveCfg = Release|iPhoneSimulator
		{9AFC9484-AFDA-41A0-A506-6A307FA1BCE3}.Release|iPhoneSimulator.Build.0 = Release|iPhoneSimulator
		{9AFC9484-AFDA-41A0-A506-6A307FA1BCE3}.Release|iPhoneSimulator.Deploy.0 = Release|iPhoneSimulator
		{1AD31785-5FAA-4987-AC69-4C7E9F42FE88}.Debug|Any CPU.ActiveCfg = Debug|Any CPU
		{1AD31785-5FAA-4987-AC69-4C7E9F42FE88}.Debug|Any CPU.Build.0 = Debug|Any CPU
		{1AD31785-5FAA-4987-AC69-4C7E9F42FE88}.Debug|Any CPU.Deploy.0 = Debug|Any CPU
		{1AD31785-5FAA-4987-AC69-4C7E9F42FE88}.Debug|iPhone.ActiveCfg = Debug|Any CPU
		{1AD31785-5FAA-4987-AC69-4C7E9F42FE88}.Debug|iPhone.Build.0 = Debug|Any CPU
		{1AD31785-5FAA-4987-AC69-4C7E9F42FE88}.Debug|iPhone.Deploy.0 = Debug|Any CPU
		{1AD31785-5FAA-4987-AC69-4C7E9F42FE88}.Debug|iPhoneSimulator.ActiveCfg = Debug|Any CPU
		{1AD31785-5FAA-4987-AC69-4C7E9F42FE88}.Debug|iPhoneSimulator.Build.0 = Debug|Any CPU
		{1AD31785-5FAA-4987-AC69-4C7E9F42FE88}.Debug|iPhoneSimulator.Deploy.0 = Debug|Any CPU
		{1AD31785-5FAA-4987-AC69-4C7E9F42FE88}.Release|Any CPU.ActiveCfg = Release|Any CPU
		{1AD31785-5FAA-4987-AC69-4C7E9F42FE88}.Release|Any CPU.Build.0 = Release|Any CPU
		{1AD31785-5FAA-4987-AC69-4C7E9F42FE88}.Release|Any CPU.Deploy.0 = Release|Any CPU
		{1AD31785-5FAA-4987-AC69-4C7E9F42FE88}.Release|iPhone.ActiveCfg = Release|Any CPU
		{1AD31785-5FAA-4987-AC69-4C7E9F42FE88}.Release|iPhone.Build.0 = Release|Any CPU
		{1AD31785-5FAA-4987-AC69-4C7E9F42FE88}.Release|iPhone.Deploy.0 = Release|Any CPU
		{1AD31785-5FAA-4987-AC69-4C7E9F42FE88}.Release|iPhoneSimulator.ActiveCfg = Release|Any CPU
		{1AD31785-5FAA-4987-AC69-4C7E9F42FE88}.Release|iPhoneSimulator.Build.0 = Release|Any CPU
		{1AD31785-5FAA-4987-AC69-4C7E9F42FE88}.Release|iPhoneSimulator.Deploy.0 = Release|Any CPU
	EndGlobalSection
	GlobalSection(SolutionProperties) = preSolution
		HideSolutionNode = FALSE
	EndGlobalSection
	GlobalSection(ExtensibilityGlobals) = postSolution
		SolutionGuid = {DB501CC6-0EFB-46DD-B2B1-99200EA18DCB}
	EndGlobalSection
EndGlobal
